
Microsoft Visual Studio Solution File, Format Version 12.00
# Visual Studio 15
VisualStudioVersion = 15.0.28307.102
MinimumVisualStudioVersion = 10.0.40219.1
Project("{9A19103F-16F7-4668-BE54-9A1E7A4F7556}") = "Stock.API", "Stock.API\Stock.API.csproj", "{3D90F823-682D-4525-9B87-577EC0318E14}"
EndProject
Project("{9A19103F-16F7-4668-BE54-9A1E7A4F7556}") = "Stock.Logic", "Stock.Logic\Stock.Logic.csproj", "{F4C5CFA9-8DAF-42AC-B28D-3D5CB30BE9C9}"
EndProject
Project("{9A19103F-16F7-4668-BE54-9A1E7A4F7556}") = "Stock.Entities", "Stock.Entities\Stock.Entities.csproj", "{580EA55C-436B-4DDD-BEAB-3F2DEDBC10E1}"
EndProject
Project("{9A19103F-16F7-4668-BE54-9A1E7A4F7556}") = "Stock.Repositories", "Stock.Repositories\Stock.Repositories.csproj", "{8B9DE02E-8D89-418D-8C93-554D81D0E72F}"
EndProject
Project("{FAE04EC0-301F-11D3-BF4B-00C04F79EFBC}") = "Stock.Test", "Stock.Test\Stock.Test.csproj", "{9CB1982A-1D0B-4BB6-B8C0-420D2D742FF4}"
EndProject
Global
	GlobalSection(SolutionConfigurationPlatforms) = preSolution
		Debug|Any CPU = Debug|Any CPU
		Release|Any CPU = Release|Any CPU
	EndGlobalSection
	GlobalSection(ProjectConfigurationPlatforms) = postSolution
		{3D90F823-682D-4525-9B87-577EC0318E14}.Debug|Any CPU.ActiveCfg = Debug|Any CPU
		{3D90F823-682D-4525-9B87-577EC0318E14}.Debug|Any CPU.Build.0 = Debug|Any CPU
		{3D90F823-682D-4525-9B87-577EC0318E14}.Release|Any CPU.ActiveCfg = Release|Any CPU
		{3D90F823-682D-4525-9B87-577EC0318E14}.Release|Any CPU.Build.0 = Release|Any CPU
		{F4C5CFA9-8DAF-42AC-B28D-3D5CB30BE9C9}.Debug|Any CPU.ActiveCfg = Debug|Any CPU
		{F4C5CFA9-8DAF-42AC-B28D-3D5CB30BE9C9}.Debug|Any CPU.Build.0 = Debug|Any CPU
		{F4C5CFA9-8DAF-42AC-B28D-3D5CB30BE9C9}.Release|Any CPU.ActiveCfg = Release|Any CPU
		{F4C5CFA9-8DAF-42AC-B28D-3D5CB30BE9C9}.Release|Any CPU.Build.0 = Release|Any CPU
		{580EA55C-436B-4DDD-BEAB-3F2DEDBC10E1}.Debug|Any CPU.ActiveCfg = Debug|Any CPU
		{580EA55C-436B-4DDD-BEAB-3F2DEDBC10E1}.Debug|Any CPU.Build.0 = Debug|Any CPU
		{580EA55C-436B-4DDD-BEAB-3F2DEDBC10E1}.Release|Any CPU.ActiveCfg = Release|Any CPU
		{580EA55C-436B-4DDD-BEAB-3F2DEDBC10E1}.Release|Any CPU.Build.0 = Release|Any CPU
		{8B9DE02E-8D89-418D-8C93-554D81D0E72F}.Debug|Any CPU.ActiveCfg = Debug|Any CPU
		{8B9DE02E-8D89-418D-8C93-554D81D0E72F}.Debug|Any CPU.Build.0 = Debug|Any CPU
		{8B9DE02E-8D89-418D-8C93-554D81D0E72F}.Release|Any CPU.ActiveCfg = Release|Any CPU
		{8B9DE02E-8D89-418D-8C93-554D81D0E72F}.Release|Any CPU.Build.0 = Release|Any CPU
		{9CB1982A-1D0B-4BB6-B8C0-420D2D742FF4}.Debug|Any CPU.ActiveCfg = Debug|Any CPU
		{9CB1982A-1D0B-4BB6-B8C0-420D2D742FF4}.Debug|Any CPU.Build.0 = Debug|Any CPU
		{9CB1982A-1D0B-4BB6-B8C0-420D2D742FF4}.Release|Any CPU.ActiveCfg = Release|Any CPU
		{9CB1982A-1D0B-4BB6-B8C0-420D2D742FF4}.Release|Any CPU.Build.0 = Release|Any CPU
	EndGlobalSection
	GlobalSection(SolutionProperties) = preSolution
		HideSolutionNode = FALSE
	EndGlobalSection
	GlobalSection(ExtensibilityGlobals) = postSolution
		SolutionGuid = {36F98F28-2FC5-402C-9E20-FF77443FB1CB}
	EndGlobalSection
EndGlobal
